
Microsoft Visual Studio Solution File, Format Version 12.00
# Visual Studio Version 16
VisualStudioVersion = 16.0.31702.278
MinimumVisualStudioVersion = 10.0.40219.1
Project("{9A19103F-16F7-4668-BE54-9A1E7A4F7556}") = "Faculty.WEB", "Faculty\Faculty.WEB.csproj", "{863F4BC8-4AB5-40C5-8DB5-F9C01A260C52}"
EndProject
Project("{9A19103F-16F7-4668-BE54-9A1E7A4F7556}") = "Faculty.DAL", "DAL\Faculty.DAL.csproj", "{632E55CC-884C-4666-954D-DA1AA63D6E1C}"
EndProject
Project("{9A19103F-16F7-4668-BE54-9A1E7A4F7556}") = "Faculty.BLL", "BLL\Faculty.BLL.csproj", "{780A48B6-030D-4DFD-AC4A-F9C9CA3C3821}"
EndProject
Global
	GlobalSection(SolutionConfigurationPlatforms) = preSolution
		Debug|Any CPU = Debug|Any CPU
		Release|Any CPU = Release|Any CPU
	EndGlobalSection
	GlobalSection(ProjectConfigurationPlatforms) = postSolution
		{863F4BC8-4AB5-40C5-8DB5-F9C01A260C52}.Debug|Any CPU.ActiveCfg = Debug|Any CPU
		{863F4BC8-4AB5-40C5-8DB5-F9C01A260C52}.Debug|Any CPU.Build.0 = Debug|Any CPU
		{863F4BC8-4AB5-40C5-8DB5-F9C01A260C52}.Release|Any CPU.ActiveCfg = Release|Any CPU
		{863F4BC8-4AB5-40C5-8DB5-F9C01A260C52}.Release|Any CPU.Build.0 = Release|Any CPU
		{632E55CC-884C-4666-954D-DA1AA63D6E1C}.Debug|Any CPU.ActiveCfg = Debug|Any CPU
		{632E55CC-884C-4666-954D-DA1AA63D6E1C}.Debug|Any CPU.Build.0 = Debug|Any CPU
		{632E55CC-884C-4666-954D-DA1AA63D6E1C}.Release|Any CPU.ActiveCfg = Release|Any CPU
		{632E55CC-884C-4666-954D-DA1AA63D6E1C}.Release|Any CPU.Build.0 = Release|Any CPU
		{780A48B6-030D-4DFD-AC4A-F9C9CA3C3821}.Debug|Any CPU.ActiveCfg = Debug|Any CPU
		{780A48B6-030D-4DFD-AC4A-F9C9CA3C3821}.Debug|Any CPU.Build.0 = Debug|Any CPU
		{780A48B6-030D-4DFD-AC4A-F9C9CA3C3821}.Release|Any CPU.ActiveCfg = Release|Any CPU
		{780A48B6-030D-4DFD-AC4A-F9C9CA3C3821}.Release|Any CPU.Build.0 = Release|Any CPU
	EndGlobalSection
	GlobalSection(SolutionProperties) = preSolution
		HideSolutionNode = FALSE
	EndGlobalSection
	GlobalSection(ExtensibilityGlobals) = postSolution
		SolutionGuid = {9C0E0C93-F7C8-4CEA-A345-1078A0A97DD4}
	EndGlobalSection
EndGlobal
